
Microsoft Visual Studio Solution File, Format Version 12.00
# Visual Studio Version 16
VisualStudioVersion = 16.0.30523.141
MinimumVisualStudioVersion = 10.0.40219.1
Project("{FAE04EC0-301F-11D3-BF4B-00C04F79EFBC}") = "Lab 1", "Lab 1\Lab 1.csproj", "{E3022938-DFED-4986-9B73-6278F7270868}"
EndProject
Global
	GlobalSection(SolutionConfigurationPlatforms) = preSolution
		Debug|Any CPU = Debug|Any CPU
		Release|Any CPU = Release|Any CPU
	EndGlobalSection
	GlobalSection(ProjectConfigurationPlatforms) = postSolution
		{E3022938-DFED-4986-9B73-6278F7270868}.Debug|Any CPU.ActiveCfg = Debug|Any CPU
		{E3022938-DFED-4986-9B73-6278F7270868}.Debug|Any CPU.Build.0 = Debug|Any CPU
		{E3022938-DFED-4986-9B73-6278F7270868}.Release|Any CPU.ActiveCfg = Release|Any CPU
		{E3022938-DFED-4986-9B73-6278F7270868}.Release|Any CPU.Build.0 = Release|Any CPU
	EndGlobalSection
	GlobalSection(SolutionProperties) = preSolution
		HideSolutionNode = FALSE
	EndGlobalSection
	GlobalSection(ExtensibilityGlobals) = postSolution
		SolutionGuid = {C4D2CE43-6A76-463B-B00B-90EE8729E0FE}
	EndGlobalSection
EndGlobal
